// !$*UTF8*$!
{
	archiveVersion = 1;
	classes = {
	};
	objectVersion = 56;
	objects = {

/* Begin PBXBuildFile section */
		7726338D2C4D21C90008930E /* AuthenticationManager.swift in Sources */ = {isa = PBXBuildFile; fileRef = 7726338C2C4D21C90008930E /* AuthenticationManager.swift */; };
		7726338F2C4D21F40008930E /* SecondView.swift in Sources */ = {isa = PBXBuildFile; fileRef = 7726338E2C4D21F40008930E /* SecondView.swift */; };
		772633932C4D2AF30008930E /* MainView.swift in Sources */ = {isa = PBXBuildFile; fileRef = 772633922C4D2AF30008930E /* MainView.swift */; };
		772633952C4D35D80008930E /* CustomAuthViewController.swift in Sources */ = {isa = PBXBuildFile; fileRef = 772633942C4D35D80008930E /* CustomAuthViewController.swift */; };
		772C4D6B2C54FE9C00593A46 /* NewsListModel.swift in Sources */ = {isa = PBXBuildFile; fileRef = 772C4D6A2C54FE9C00593A46 /* NewsListModel.swift */; };
		772C4D6D2C54FFDD00593A46 /* NewsListView.swift in Sources */ = {isa = PBXBuildFile; fileRef = 772C4D6C2C54FFDD00593A46 /* NewsListView.swift */; };
		772C4D732C56685200593A46 /* ArticleContentView.swift in Sources */ = {isa = PBXBuildFile; fileRef = 772C4D722C56685200593A46 /* ArticleContentView.swift */; };
		772C4D752C567A0100593A46 /* RankingView.swift in Sources */ = {isa = PBXBuildFile; fileRef = 772C4D742C567A0100593A46 /* RankingView.swift */; };
		772C4D772C567A0D00593A46 /* SettingView.swift in Sources */ = {isa = PBXBuildFile; fileRef = 772C4D762C567A0D00593A46 /* SettingView.swift */; };
		772C4D792C567A2900593A46 /* MyPageView.swift in Sources */ = {isa = PBXBuildFile; fileRef = 772C4D782C567A2900593A46 /* MyPageView.swift */; };
		772C4D7B2C567A3A00593A46 /* searchView.swift in Sources */ = {isa = PBXBuildFile; fileRef = 772C4D7A2C567A3A00593A46 /* searchView.swift */; };
		77A3D92B2C4D1E43009DC42F /* LoginView.swift in Sources */ = {isa = PBXBuildFile; fileRef = 77A3D92A2C4D1E43009DC42F /* LoginView.swift */; };
		77F648612C4D1C6A00122EF1 /* hitoikiApp.swift in Sources */ = {isa = PBXBuildFile; fileRef = 77F648602C4D1C6A00122EF1 /* hitoikiApp.swift */; };
		77F648632C4D1C6A00122EF1 /* ContentView.swift in Sources */ = {isa = PBXBuildFile; fileRef = 77F648622C4D1C6A00122EF1 /* ContentView.swift */; };
		77F648652C4D1C6C00122EF1 /* Assets.xcassets in Resources */ = {isa = PBXBuildFile; fileRef = 77F648642C4D1C6C00122EF1 /* Assets.xcassets */; };
		77F648682C4D1C6C00122EF1 /* Preview Assets.xcassets in Resources */ = {isa = PBXBuildFile; fileRef = 77F648672C4D1C6C00122EF1 /* Preview Assets.xcassets */; };
		77F6486F2C4D1CBC00122EF1 /* GoogleService-Info.plist in Resources */ = {isa = PBXBuildFile; fileRef = 77F6486E2C4D1CBC00122EF1 /* GoogleService-Info.plist */; };
		77F648722C4D1D0400122EF1 /* FirebaseAuth in Frameworks */ = {isa = PBXBuildFile; productRef = 77F648712C4D1D0400122EF1 /* FirebaseAuth */; };
		77F648742C4D1D0400122EF1 /* FirebaseAuthCombine-Community in Frameworks */ = {isa = PBXBuildFile; productRef = 77F648732C4D1D0400122EF1 /* FirebaseAuthCombine-Community */; };
		77F648772C4D1D4A00122EF1 /* FirebaseAuthUI in Frameworks */ = {isa = PBXBuildFile; productRef = 77F648762C4D1D4A00122EF1 /* FirebaseAuthUI */; };
		77F648792C4D1D4A00122EF1 /* FirebaseGoogleAuthUI in Frameworks */ = {isa = PBXBuildFile; productRef = 77F648782C4D1D4A00122EF1 /* FirebaseGoogleAuthUI */; };
		77F6487B2C4D1D4A00122EF1 /* FirebaseOAuthUI in Frameworks */ = {isa = PBXBuildFile; productRef = 77F6487A2C4D1D4A00122EF1 /* FirebaseOAuthUI */; };
		77FFA9492C6925D3006EDB4B /* FirebaseDatabase in Frameworks */ = {isa = PBXBuildFile; productRef = 77FFA9482C6925D3006EDB4B /* FirebaseDatabase */; };
		77FFA94B2C6925D3006EDB4B /* FirebaseDatabaseSwift in Frameworks */ = {isa = PBXBuildFile; productRef = 77FFA94A2C6925D3006EDB4B /* FirebaseDatabaseSwift */; };
		77FFA94D2C6925D3006EDB4B /* FirebaseFirestore in Frameworks */ = {isa = PBXBuildFile; productRef = 77FFA94C2C6925D3006EDB4B /* FirebaseFirestore */; };
		77FFA94F2C6925D3006EDB4B /* FirebaseFirestoreSwift in Frameworks */ = {isa = PBXBuildFile; productRef = 77FFA94E2C6925D3006EDB4B /* FirebaseFirestoreSwift */; };
/* End PBXBuildFile section */

/* Begin PBXFileReference section */
		7726338C2C4D21C90008930E /* AuthenticationManager.swift */ = {isa = PBXFileReference; lastKnownFileType = sourcecode.swift; path = AuthenticationManager.swift; sourceTree = "<group>"; };
		7726338E2C4D21F40008930E /* SecondView.swift */ = {isa = PBXFileReference; lastKnownFileType = sourcecode.swift; path = SecondView.swift; sourceTree = "<group>"; };
		772633902C4D22C60008930E /* Info.plist */ = {isa = PBXFileReference; lastKnownFileType = text.plist; path = Info.plist; sourceTree = "<group>"; };
		772633912C4D27B20008930E /* hitoiki.entitlements */ = {isa = PBXFileReference; lastKnownFileType = text.plist.entitlements; path = hitoiki.entitlements; sourceTree = "<group>"; };
		772633922C4D2AF30008930E /* MainView.swift */ = {isa = PBXFileReference; lastKnownFileType = sourcecode.swift; path = MainView.swift; sourceTree = "<group>"; };
		772633942C4D35D80008930E /* CustomAuthViewController.swift */ = {isa = PBXFileReference; lastKnownFileType = sourcecode.swift; path = CustomAuthViewController.swift; sourceTree = "<group>"; };
		772C4D6A2C54FE9C00593A46 /* NewsListModel.swift */ = {isa = PBXFileReference; lastKnownFileType = sourcecode.swift; path = NewsListModel.swift; sourceTree = "<group>"; };
		772C4D6C2C54FFDD00593A46 /* NewsListView.swift */ = {isa = PBXFileReference; lastKnownFileType = sourcecode.swift; path = NewsListView.swift; sourceTree = "<group>"; };
		772C4D722C56685200593A46 /* ArticleContentView.swift */ = {isa = PBXFileReference; lastKnownFileType = sourcecode.swift; path = ArticleContentView.swift; sourceTree = "<group>"; };
		772C4D742C567A0100593A46 /* RankingView.swift */ = {isa = PBXFileReference; lastKnownFileType = sourcecode.swift; path = RankingView.swift; sourceTree = "<group>"; };
		772C4D762C567A0D00593A46 /* SettingView.swift */ = {isa = PBXFileReference; lastKnownFileType = sourcecode.swift; path = SettingView.swift; sourceTree = "<group>"; };
		772C4D782C567A2900593A46 /* MyPageView.swift */ = {isa = PBXFileReference; lastKnownFileType = sourcecode.swift; path = MyPageView.swift; sourceTree = "<group>"; };
		772C4D7A2C567A3A00593A46 /* searchView.swift */ = {isa = PBXFileReference; lastKnownFileType = sourcecode.swift; path = searchView.swift; sourceTree = "<group>"; };
		77A3D92A2C4D1E43009DC42F /* LoginView.swift */ = {isa = PBXFileReference; lastKnownFileType = sourcecode.swift; path = LoginView.swift; sourceTree = "<group>"; };
		77F6485D2C4D1C6A00122EF1 /* hitoiki.app */ = {isa = PBXFileReference; explicitFileType = wrapper.application; includeInIndex = 0; path = hitoiki.app; sourceTree = BUILT_PRODUCTS_DIR; };
		77F648602C4D1C6A00122EF1 /* hitoikiApp.swift */ = {isa = PBXFileReference; lastKnownFileType = sourcecode.swift; path = hitoikiApp.swift; sourceTree = "<group>"; };
		77F648622C4D1C6A00122EF1 /* ContentView.swift */ = {isa = PBXFileReference; lastKnownFileType = sourcecode.swift; path = ContentView.swift; sourceTree = "<group>"; };
		77F648642C4D1C6C00122EF1 /* Assets.xcassets */ = {isa = PBXFileReference; lastKnownFileType = folder.assetcatalog; path = Assets.xcassets; sourceTree = "<group>"; };
		77F648672C4D1C6C00122EF1 /* Preview Assets.xcassets */ = {isa = PBXFileReference; lastKnownFileType = folder.assetcatalog; path = "Preview Assets.xcassets"; sourceTree = "<group>"; };
		77F6486E2C4D1CBC00122EF1 /* GoogleService-Info.plist */ = {isa = PBXFileReference; fileEncoding = 4; lastKnownFileType = text.plist.xml; path = "GoogleService-Info.plist"; sourceTree = "<group>"; };
/* End PBXFileReference section */

/* Begin PBXFrameworksBuildPhase section */
		77F6485A2C4D1C6A00122EF1 /* Frameworks */ = {
			isa = PBXFrameworksBuildPhase;
			buildActionMask = 2147483647;
			files = (
				77FFA94B2C6925D3006EDB4B /* FirebaseDatabaseSwift in Frameworks */,
				77FFA9492C6925D3006EDB4B /* FirebaseDatabase in Frameworks */,
				77F648722C4D1D0400122EF1 /* FirebaseAuth in Frameworks */,
				77F648772C4D1D4A00122EF1 /* FirebaseAuthUI in Frameworks */,
				77F6487B2C4D1D4A00122EF1 /* FirebaseOAuthUI in Frameworks */,
				77FFA94D2C6925D3006EDB4B /* FirebaseFirestore in Frameworks */,
				77F648792C4D1D4A00122EF1 /* FirebaseGoogleAuthUI in Frameworks */,
				77F648742C4D1D0400122EF1 /* FirebaseAuthCombine-Community in Frameworks */,
				77FFA94F2C6925D3006EDB4B /* FirebaseFirestoreSwift in Frameworks */,
			);
			runOnlyForDeploymentPostprocessing = 0;
		};
/* End PBXFrameworksBuildPhase section */

/* Begin PBXGroup section */
		772C4D6E2C551BF700593A46 /* Views */ = {
			isa = PBXGroup;
			children = (
				77F648622C4D1C6A00122EF1 /* ContentView.swift */,
				77A3D92A2C4D1E43009DC42F /* LoginView.swift */,
				7726338E2C4D21F40008930E /* SecondView.swift */,
				772633922C4D2AF30008930E /* MainView.swift */,
				772C4D6C2C54FFDD00593A46 /* NewsListView.swift */,
				772C4D722C56685200593A46 /* ArticleContentView.swift */,
				772C4D742C567A0100593A46 /* RankingView.swift */,
				772C4D762C567A0D00593A46 /* SettingView.swift */,
				772C4D782C567A2900593A46 /* MyPageView.swift */,
				772C4D7A2C567A3A00593A46 /* searchView.swift */,
			);
			path = Views;
			sourceTree = "<group>";
		};
		772C4D6F2C551C0200593A46 /* Models */ = {
			isa = PBXGroup;
			children = (
				772C4D6A2C54FE9C00593A46 /* NewsListModel.swift */,
			);
			path = Models;
			sourceTree = "<group>";
		};
		77F648542C4D1C6A00122EF1 = {
			isa = PBXGroup;
			children = (
				77F6485F2C4D1C6A00122EF1 /* hitoiki */,
				77F6485E2C4D1C6A00122EF1 /* Products */,
			);
			sourceTree = "<group>";
		};
		77F6485E2C4D1C6A00122EF1 /* Products */ = {
			isa = PBXGroup;
			children = (
				77F6485D2C4D1C6A00122EF1 /* hitoiki.app */,
			);
			name = Products;
			sourceTree = "<group>";
		};
		77F6485F2C4D1C6A00122EF1 /* hitoiki */ = {
			isa = PBXGroup;
			children = (
				772C4D6F2C551C0200593A46 /* Models */,
				772C4D6E2C551BF700593A46 /* Views */,
				772633912C4D27B20008930E /* hitoiki.entitlements */,
				772633902C4D22C60008930E /* Info.plist */,
				77F6486E2C4D1CBC00122EF1 /* GoogleService-Info.plist */,
				77F648602C4D1C6A00122EF1 /* hitoikiApp.swift */,
				77F648642C4D1C6C00122EF1 /* Assets.xcassets */,
				77F648662C4D1C6C00122EF1 /* Preview Content */,
				7726338C2C4D21C90008930E /* AuthenticationManager.swift */,
				772633942C4D35D80008930E /* CustomAuthViewController.swift */,
			);
			path = hitoiki;
			sourceTree = "<group>";
		};
		77F648662C4D1C6C00122EF1 /* Preview Content */ = {
			isa = PBXGroup;
			children = (
				77F648672C4D1C6C00122EF1 /* Preview Assets.xcassets */,
			);
			path = "Preview Content";
			sourceTree = "<group>";
		};
/* End PBXGroup section */

/* Begin PBXNativeTarget section */
		77F6485C2C4D1C6A00122EF1 /* hitoiki */ = {
			isa = PBXNativeTarget;
			buildConfigurationList = 77F6486B2C4D1C6C00122EF1 /* Build configuration list for PBXNativeTarget "hitoiki" */;
			buildPhases = (
				77F648592C4D1C6A00122EF1 /* Sources */,
				77F6485A2C4D1C6A00122EF1 /* Frameworks */,
				77F6485B2C4D1C6A00122EF1 /* Resources */,
			);
			buildRules = (
			);
			dependencies = (
			);
			name = hitoiki;
			packageProductDependencies = (
				77F648712C4D1D0400122EF1 /* FirebaseAuth */,
				77F648732C4D1D0400122EF1 /* FirebaseAuthCombine-Community */,
				77F648762C4D1D4A00122EF1 /* FirebaseAuthUI */,
				77F648782C4D1D4A00122EF1 /* FirebaseGoogleAuthUI */,
				77F6487A2C4D1D4A00122EF1 /* FirebaseOAuthUI */,
				77FFA9482C6925D3006EDB4B /* FirebaseDatabase */,
				77FFA94A2C6925D3006EDB4B /* FirebaseDatabaseSwift */,
				77FFA94C2C6925D3006EDB4B /* FirebaseFirestore */,
				77FFA94E2C6925D3006EDB4B /* FirebaseFirestoreSwift */,
			);
			productName = hitoiki;
			productReference = 77F6485D2C4D1C6A00122EF1 /* hitoiki.app */;
			productType = "com.apple.product-type.application";
		};
/* End PBXNativeTarget section */

/* Begin PBXProject section */
		77F648552C4D1C6A00122EF1 /* Project object */ = {
			isa = PBXProject;
			attributes = {
				BuildIndependentTargetsInParallel = 1;
				LastSwiftUpdateCheck = 1540;
				LastUpgradeCheck = 1540;
				TargetAttributes = {
					77F6485C2C4D1C6A00122EF1 = {
						CreatedOnToolsVersion = 15.4;
					};
				};
			};
			buildConfigurationList = 77F648582C4D1C6A00122EF1 /* Build configuration list for PBXProject "hitoiki" */;
			compatibilityVersion = "Xcode 14.0";
			developmentRegion = en;
			hasScannedForEncodings = 0;
			knownRegions = (
				en,
				Base,
			);
			mainGroup = 77F648542C4D1C6A00122EF1;
			packageReferences = (
				77F648702C4D1D0400122EF1 /* XCRemoteSwiftPackageReference "firebase-ios-sdk" */,
				77F648752C4D1D4A00122EF1 /* XCRemoteSwiftPackageReference "firebaseui-ios" */,
			);
			productRefGroup = 77F6485E2C4D1C6A00122EF1 /* Products */;
			projectDirPath = "";
			projectRoot = "";
			targets = (
				77F6485C2C4D1C6A00122EF1 /* hitoiki */,
			);
		};
/* End PBXProject section */

/* Begin PBXResourcesBuildPhase section */
		77F6485B2C4D1C6A00122EF1 /* Resources */ = {
			isa = PBXResourcesBuildPhase;
			buildActionMask = 2147483647;
			files = (
				77F648682C4D1C6C00122EF1 /* Preview Assets.xcassets in Resources */,
				77F648652C4D1C6C00122EF1 /* Assets.xcassets in Resources */,
				77F6486F2C4D1CBC00122EF1 /* GoogleService-Info.plist in Resources */,
			);
			runOnlyForDeploymentPostprocessing = 0;
		};
/* End PBXResourcesBuildPhase section */

/* Begin PBXSourcesBuildPhase section */
		77F648592C4D1C6A00122EF1 /* Sources */ = {
			isa = PBXSourcesBuildPhase;
			buildActionMask = 2147483647;
			files = (
				772C4D6B2C54FE9C00593A46 /* NewsListModel.swift in Sources */,
				77A3D92B2C4D1E43009DC42F /* LoginView.swift in Sources */,
				772C4D792C567A2900593A46 /* MyPageView.swift in Sources */,
				772633932C4D2AF30008930E /* MainView.swift in Sources */,
				772633952C4D35D80008930E /* CustomAuthViewController.swift in Sources */,
				7726338F2C4D21F40008930E /* SecondView.swift in Sources */,
				772C4D7B2C567A3A00593A46 /* searchView.swift in Sources */,
				7726338D2C4D21C90008930E /* AuthenticationManager.swift in Sources */,
				77F648632C4D1C6A00122EF1 /* ContentView.swift in Sources */,
				772C4D6D2C54FFDD00593A46 /* NewsListView.swift in Sources */,
				77F648612C4D1C6A00122EF1 /* hitoikiApp.swift in Sources */,
				772C4D772C567A0D00593A46 /* SettingView.swift in Sources */,
				772C4D732C56685200593A46 /* ArticleContentView.swift in Sources */,
				772C4D752C567A0100593A46 /* RankingView.swift in Sources */,
			);
			runOnlyForDeploymentPostprocessing = 0;
		};
/* End PBXSourcesBuildPhase section */

/* Begin XCBuildConfiguration section */
		77F648692C4D1C6C00122EF1 /* Debug */ = {
			isa = XCBuildConfiguration;
			buildSettings = {
				ALWAYS_SEARCH_USER_PATHS = NO;
				ASSETCATALOG_COMPILER_GENERATE_SWIFT_ASSET_SYMBOL_EXTENSIONS = YES;
				CLANG_ANALYZER_NONNULL = YES;
				CLANG_ANALYZER_NUMBER_OBJECT_CONVERSION = YES_AGGRESSIVE;
				CLANG_CXX_LANGUAGE_STANDARD = "gnu++20";
				CLANG_ENABLE_MODULES = YES;
				CLANG_ENABLE_OBJC_ARC = YES;
				CLANG_ENABLE_OBJC_WEAK = YES;
				CLANG_WARN_BLOCK_CAPTURE_AUTORELEASING = YES;
				CLANG_WARN_BOOL_CONVERSION = YES;
				CLANG_WARN_COMMA = YES;
				CLANG_WARN_CONSTANT_CONVERSION = YES;
				CLANG_WARN_DEPRECATED_OBJC_IMPLEMENTATIONS = YES;
				CLANG_WARN_DIRECT_OBJC_ISA_USAGE = YES_ERROR;
				CLANG_WARN_DOCUMENTATION_COMMENTS = YES;
				CLANG_WARN_EMPTY_BODY = YES;
				CLANG_WARN_ENUM_CONVERSION = YES;
				CLANG_WARN_INFINITE_RECURSION = YES;
				CLANG_WARN_INT_CONVERSION = YES;
				CLANG_WARN_NON_LITERAL_NULL_CONVERSION = YES;
				CLANG_WARN_OBJC_IMPLICIT_RETAIN_SELF = YES;
				CLANG_WARN_OBJC_LITERAL_CONVERSION = YES;
				CLANG_WARN_OBJC_ROOT_CLASS = YES_ERROR;
				CLANG_WARN_QUOTED_INCLUDE_IN_FRAMEWORK_HEADER = YES;
				CLANG_WARN_RANGE_LOOP_ANALYSIS = YES;
				CLANG_WARN_STRICT_PROTOTYPES = YES;
				CLANG_WARN_SUSPICIOUS_MOVE = YES;
				CLANG_WARN_UNGUARDED_AVAILABILITY = YES_AGGRESSIVE;
				CLANG_WARN_UNREACHABLE_CODE = YES;
				CLANG_WARN__DUPLICATE_METHOD_MATCH = YES;
				COPY_PHASE_STRIP = NO;
				DEBUG_INFORMATION_FORMAT = dwarf;
				ENABLE_STRICT_OBJC_MSGSEND = YES;
				ENABLE_TESTABILITY = YES;
				ENABLE_USER_SCRIPT_SANDBOXING = YES;
				GCC_C_LANGUAGE_STANDARD = gnu17;
				GCC_DYNAMIC_NO_PIC = NO;
				GCC_NO_COMMON_BLOCKS = YES;
				GCC_OPTIMIZATION_LEVEL = 0;
				GCC_PREPROCESSOR_DEFINITIONS = (
					"DEBUG=1",
					"$(inherited)",
				);
				GCC_WARN_64_TO_32_BIT_CONVERSION = YES;
				GCC_WARN_ABOUT_RETURN_TYPE = YES_ERROR;
				GCC_WARN_UNDECLARED_SELECTOR = YES;
				GCC_WARN_UNINITIALIZED_AUTOS = YES_AGGRESSIVE;
				GCC_WARN_UNUSED_FUNCTION = YES;
				GCC_WARN_UNUSED_VARIABLE = YES;
				IPHONEOS_DEPLOYMENT_TARGET = 17.5;
				LOCALIZATION_PREFERS_STRING_CATALOGS = YES;
				MTL_ENABLE_DEBUG_INFO = INCLUDE_SOURCE;
				MTL_FAST_MATH = YES;
				ONLY_ACTIVE_ARCH = YES;
				SDKROOT = iphoneos;
				SWIFT_ACTIVE_COMPILATION_CONDITIONS = "DEBUG $(inherited)";
				SWIFT_OPTIMIZATION_LEVEL = "-Onone";
			};
			name = Debug;
		};
		77F6486A2C4D1C6C00122EF1 /* Release */ = {
			isa = XCBuildConfiguration;
			buildSettings = {
				ALWAYS_SEARCH_USER_PATHS = NO;
				ASSETCATALOG_COMPILER_GENERATE_SWIFT_ASSET_SYMBOL_EXTENSIONS = YES;
				CLANG_ANALYZER_NONNULL = YES;
				CLANG_ANALYZER_NUMBER_OBJECT_CONVERSION = YES_AGGRESSIVE;
				CLANG_CXX_LANGUAGE_STANDARD = "gnu++20";
				CLANG_ENABLE_MODULES = YES;
				CLANG_ENABLE_OBJC_ARC = YES;
				CLANG_ENABLE_OBJC_WEAK = YES;
				CLANG_WARN_BLOCK_CAPTURE_AUTORELEASING = YES;
				CLANG_WARN_BOOL_CONVERSION = YES;
				CLANG_WARN_COMMA = YES;
				CLANG_WARN_CONSTANT_CONVERSION = YES;
				CLANG_WARN_DEPRECATED_OBJC_IMPLEMENTATIONS = YES;
				CLANG_WARN_DIRECT_OBJC_ISA_USAGE = YES_ERROR;
				CLANG_WARN_DOCUMENTATION_COMMENTS = YES;
				CLANG_WARN_EMPTY_BODY = YES;
				CLANG_WARN_ENUM_CONVERSION = YES;
				CLANG_WARN_INFINITE_RECURSION = YES;
				CLANG_WARN_INT_CONVERSION = YES;
				CLANG_WARN_NON_LITERAL_NULL_CONVERSION = YES;
				CLANG_WARN_OBJC_IMPLICIT_RETAIN_SELF = YES;
				CLANG_WARN_OBJC_LITERAL_CONVERSION = YES;
				CLANG_WARN_OBJC_ROOT_CLASS = YES_ERROR;
				CLANG_WARN_QUOTED_INCLUDE_IN_FRAMEWORK_HEADER = YES;
				CLANG_WARN_RANGE_LOOP_ANALYSIS = YES;
				CLANG_WARN_STRICT_PROTOTYPES = YES;
				CLANG_WARN_SUSPICIOUS_MOVE = YES;
				CLANG_WARN_UNGUARDED_AVAILABILITY = YES_AGGRESSIVE;
				CLANG_WARN_UNREACHABLE_CODE = YES;
				CLANG_WARN__DUPLICATE_METHOD_MATCH = YES;
				COPY_PHASE_STRIP = NO;
				DEBUG_INFORMATION_FORMAT = "dwarf-with-dsym";
				ENABLE_NS_ASSERTIONS = NO;
				ENABLE_STRICT_OBJC_MSGSEND = YES;
				ENABLE_USER_SCRIPT_SANDBOXING = YES;
				GCC_C_LANGUAGE_STANDARD = gnu17;
				GCC_NO_COMMON_BLOCKS = YES;
				GCC_WARN_64_TO_32_BIT_CONVERSION = YES;
				GCC_WARN_ABOUT_RETURN_TYPE = YES_ERROR;
				GCC_WARN_UNDECLARED_SELECTOR = YES;
				GCC_WARN_UNINITIALIZED_AUTOS = YES_AGGRESSIVE;
				GCC_WARN_UNUSED_FUNCTION = YES;
				GCC_WARN_UNUSED_VARIABLE = YES;
				IPHONEOS_DEPLOYMENT_TARGET = 17.5;
				LOCALIZATION_PREFERS_STRING_CATALOGS = YES;
				MTL_ENABLE_DEBUG_INFO = NO;
				MTL_FAST_MATH = YES;
				SDKROOT = iphoneos;
				SWIFT_COMPILATION_MODE = wholemodule;
				VALIDATE_PRODUCT = YES;
			};
			name = Release;
		};
		77F6486C2C4D1C6C00122EF1 /* Debug */ = {
			isa = XCBuildConfiguration;
			buildSettings = {
				ASSETCATALOG_COMPILER_APPICON_NAME = AppIcon;
				ASSETCATALOG_COMPILER_GLOBAL_ACCENT_COLOR_NAME = AccentColor;
				CODE_SIGN_ENTITLEMENTS = hitoiki/hitoiki.entitlements;
				CODE_SIGN_IDENTITY = "Apple Development";
				CODE_SIGN_STYLE = Automatic;
				CURRENT_PROJECT_VERSION = 1;
				DEVELOPMENT_ASSET_PATHS = "\"hitoiki/Preview Content\"";
				DEVELOPMENT_TEAM = 8B63644252;
				ENABLE_PREVIEWS = YES;
				GENERATE_INFOPLIST_FILE = YES;
				INFOPLIST_FILE = hitoiki/Info.plist;
				INFOPLIST_KEY_UIApplicationSceneManifest_Generation = YES;
				INFOPLIST_KEY_UIApplicationSupportsIndirectInputEvents = YES;
				INFOPLIST_KEY_UILaunchScreen_Generation = YES;
				INFOPLIST_KEY_UISupportedInterfaceOrientations_iPad = "UIInterfaceOrientationPortrait UIInterfaceOrientationPortraitUpsideDown UIInterfaceOrientationLandscapeLeft UIInterfaceOrientationLandscapeRight";
				INFOPLIST_KEY_UISupportedInterfaceOrientations_iPhone = "UIInterfaceOrientationPortrait UIInterfaceOrientationLandscapeLeft UIInterfaceOrientationLandscapeRight";
				LD_RUNPATH_SEARCH_PATHS = (
					"$(inherited)",
					"@executable_path/Frameworks",
				);
				MARKETING_VERSION = 1.0;
				PRODUCT_BUNDLE_IDENTIFIER = com.yutofunaki.hitoiki;
				PRODUCT_NAME = "$(TARGET_NAME)";
				PROVISIONING_PROFILE_SPECIFIER = "";
				SWIFT_EMIT_LOC_STRINGS = YES;
				SWIFT_VERSION = 5.0;
				TARGETED_DEVICE_FAMILY = "1,2";
			};
			name = Debug;
		};
		77F6486D2C4D1C6C00122EF1 /* Release */ = {
			isa = XCBuildConfiguration;
			buildSettings = {
				ASSETCATALOG_COMPILER_APPICON_NAME = AppIcon;
				ASSETCATALOG_COMPILER_GLOBAL_ACCENT_COLOR_NAME = AccentColor;
				CODE_SIGN_ENTITLEMENTS = hitoiki/hitoiki.entitlements;
				CODE_SIGN_IDENTITY = "Apple Development";
				CODE_SIGN_STYLE = Automatic;
				CURRENT_PROJECT_VERSION = 1;
				DEVELOPMENT_ASSET_PATHS = "\"hitoiki/Preview Content\"";
				DEVELOPMENT_TEAM = 8B63644252;
				ENABLE_PREVIEWS = YES;
				GENERATE_INFOPLIST_FILE = YES;
				INFOPLIST_FILE = hitoiki/Info.plist;
				INFOPLIST_KEY_UIApplicationSceneManifest_Generation = YES;
				INFOPLIST_KEY_UIApplicationSupportsIndirectInputEvents = YES;
				INFOPLIST_KEY_UILaunchScreen_Generation = YES;
				INFOPLIST_KEY_UISupportedInterfaceOrientations_iPad = "UIInterfaceOrientationPortrait UIInterfaceOrientationPortraitUpsideDown UIInterfaceOrientationLandscapeLeft UIInterfaceOrientationLandscapeRight";
				INFOPLIST_KEY_UISupportedInterfaceOrientations_iPhone = "UIInterfaceOrientationPortrait UIInterfaceOrientationLandscapeLeft UIInterfaceOrientationLandscapeRight";
				LD_RUNPATH_SEARCH_PATHS = (
					"$(inherited)",
					"@executable_path/Frameworks",
				);
				MARKETING_VERSION = 1.0;
				PRODUCT_BUNDLE_IDENTIFIER = com.yutofunaki.hitoiki;
				PRODUCT_NAME = "$(TARGET_NAME)";
				PROVISIONING_PROFILE_SPECIFIER = "";
				SWIFT_EMIT_LOC_STRINGS = YES;
				SWIFT_VERSION = 5.0;
				TARGETED_DEVICE_FAMILY = "1,2";
			};
			name = Release;
		};
/* End XCBuildConfiguration section */

/* Begin XCConfigurationList section */
		77F648582C4D1C6A00122EF1 /* Build configuration list for PBXProject "hitoiki" */ = {
			isa = XCConfigurationList;
			buildConfigurations = (
				77F648692C4D1C6C00122EF1 /* Debug */,
				77F6486A2C4D1C6C00122EF1 /* Release */,
			);
			defaultConfigurationIsVisible = 0;
			defaultConfigurationName = Release;
		};
		77F6486B2C4D1C6C00122EF1 /* Build configuration list for PBXNativeTarget "hitoiki" */ = {
			isa = XCConfigurationList;
			buildConfigurations = (
				77F6486C2C4D1C6C00122EF1 /* Debug */,
				77F6486D2C4D1C6C00122EF1 /* Release */,
			);
			defaultConfigurationIsVisible = 0;
			defaultConfigurationName = Release;
		};
/* End XCConfigurationList section */

/* Begin XCRemoteSwiftPackageReference section */
		77F648702C4D1D0400122EF1 /* XCRemoteSwiftPackageReference "firebase-ios-sdk" */ = {
			isa = XCRemoteSwiftPackageReference;
			repositoryURL = "https://github.com/firebase/firebase-ios-sdk";
			requirement = {
				kind = upToNextMajorVersion;
				minimumVersion = 10.29.0;
			};
		};
		77F648752C4D1D4A00122EF1 /* XCRemoteSwiftPackageReference "firebaseui-ios" */ = {
			isa = XCRemoteSwiftPackageReference;
			repositoryURL = "https://github.com/firebase/firebaseui-ios";
			requirement = {
				branch = main;
				kind = branch;
			};
		};
/* End XCRemoteSwiftPackageReference section */

/* Begin XCSwiftPackageProductDependency section */
		77F648712C4D1D0400122EF1 /* FirebaseAuth */ = {
			isa = XCSwiftPackageProductDependency;
			package = 77F648702C4D1D0400122EF1 /* XCRemoteSwiftPackageReference "firebase-ios-sdk" */;
			productName = FirebaseAuth;
		};
		77F648732C4D1D0400122EF1 /* FirebaseAuthCombine-Community */ = {
			isa = XCSwiftPackageProductDependency;
			package = 77F648702C4D1D0400122EF1 /* XCRemoteSwiftPackageReference "firebase-ios-sdk" */;
			productName = "FirebaseAuthCombine-Community";
		};
		77F648762C4D1D4A00122EF1 /* FirebaseAuthUI */ = {
			isa = XCSwiftPackageProductDependency;
			package = 77F648752C4D1D4A00122EF1 /* XCRemoteSwiftPackageReference "firebaseui-ios" */;
			productName = FirebaseAuthUI;
		};
		77F648782C4D1D4A00122EF1 /* FirebaseGoogleAuthUI */ = {
			isa = XCSwiftPackageProductDependency;
			package = 77F648752C4D1D4A00122EF1 /* XCRemoteSwiftPackageReference "firebaseui-ios" */;
			productName = FirebaseGoogleAuthUI;
		};
		77F6487A2C4D1D4A00122EF1 /* FirebaseOAuthUI */ = {
			isa = XCSwiftPackageProductDependency;
			package = 77F648752C4D1D4A00122EF1 /* XCRemoteSwiftPackageReference "firebaseui-ios" */;
			productName = FirebaseOAuthUI;
		};
		77FFA9482C6925D3006EDB4B /* FirebaseDatabase */ = {
			isa = XCSwiftPackageProductDependency;
			productName = FirebaseDatabase;
		};
		77FFA94A2C6925D3006EDB4B /* FirebaseDatabaseSwift */ = {
			isa = XCSwiftPackageProductDependency;
			productName = FirebaseDatabaseSwift;
		};
		77FFA94C2C6925D3006EDB4B /* FirebaseFirestore */ = {
			isa = XCSwiftPackageProductDependency;
			productName = FirebaseFirestore;
		};
		77FFA94E2C6925D3006EDB4B /* FirebaseFirestoreSwift */ = {
			isa = XCSwiftPackageProductDependency;
			productName = FirebaseFirestoreSwift;
		};
/* End XCSwiftPackageProductDependency section */
	};
	rootObject = 77F648552C4D1C6A00122EF1 /* Project object */;
}
